{
  "version": 4,
  "terraform_version": "1.5.2",
  "serial": 7,
  "lineage": "41caa1a9-fd55-f2c3-6cf1-50daff5a262d",
  "outputs": {},
  "resources": [
    {
      "mode": "data",
      "type": "google_iam_policy",
      "name": "noauth",
      "provider": "provider[\"registry.terraform.io/hashicorp/google\"]",
      "instances": [
        {
          "schema_version": 0,
          "attributes": {
            "audit_config": null,
            "binding": [
              {
                "condition": [],
                "members": [
                  "allUsers"
                ],
                "role": "roles/run.invoker"
              }
            ],
            "id": "3450855414",
            "policy_data": "{\"bindings\":[{\"members\":[\"allUsers\"],\"role\":\"roles/run.invoker\"}]}"
          },
          "sensitive_attributes": []
        }
      ]
    },
    {
      "mode": "managed",
      "type": "google_cloud_run_service",
      "name": "latam_challenge_service",
      "provider": "provider[\"registry.terraform.io/hashicorp/google\"]",
      "instances": [
        {
          "status": "tainted",
          "schema_version": 2,
          "attributes": {
            "autogenerate_revision_name": false,
            "id": "locations/us-central1/namespaces/florencia-tryolabs-latam/services/latam-challenge",
            "location": "us-central1",
            "metadata": null,
            "name": "latam-challenge",
            "project": "florencia-tryolabs-latam",
            "status": null,
            "template": [
              {
                "metadata": [],
                "spec": [
                  {
                    "container_concurrency": 0,
                    "containers": [
                      {
                        "args": null,
                        "command": null,
                        "env": [],
                        "env_from": [],
                        "image": "us-docker.pkg.dev/florencia-tryolabs-latam/florencia-repo-latam-challenge/latam-challenge",
                        "liveness_probe": [],
                        "name": "",
                        "ports": [
                          {
                            "container_port": 8000,
                            "name": "",
                            "protocol": ""
                          }
                        ],
                        "resources": [],
                        "startup_probe": [],
                        "volume_mounts": [],
                        "working_dir": ""
                      }
                    ],
                    "service_account_name": "",
                    "serving_state": "",
                    "timeout_seconds": 0,
                    "volumes": []
                  }
                ]
              }
            ],
            "timeouts": null,
            "traffic": [
              {
                "latest_revision": true,
                "percent": 100,
                "revision_name": "",
                "tag": "",
                "url": ""
              }
            ]
          },
          "sensitive_attributes": [],
          "private": "eyJlMmJmYjczMC1lY2FhLTExZTYtOGY4OC0zNDM2M2JjN2M0YzAiOnsiY3JlYXRlIjoxMjAwMDAwMDAwMDAwLCJkZWxldGUiOjEyMDAwMDAwMDAwMDAsInVwZGF0ZSI6MTIwMDAwMDAwMDAwMH0sInNjaGVtYV92ZXJzaW9uIjoiMiJ9"
        }
      ]
    },
    {
      "mode": "managed",
      "type": "google_cloud_run_service_iam_policy",
      "name": "noauth",
      "provider": "provider[\"registry.terraform.io/hashicorp/google\"]",
      "instances": []
    }
  ],
  "check_results": null
}
